%{"amnesia": {:git, "git://github.com/meh/amnesia.git", "bc61d16bd26046f23c249cd17be79bf1cb5aa01f", []},
  "continuum": {:git, "git://github.com/meh/continuum.git", "02ae208e0cc527e34b43fb85bc81d7fe9ef4189e", []},
  "erlang-serial": {:git, "git://github.com/knewter/erlang-serial.git", "61821783259551090af7a8561891a345c0547af2", []},
  "exquisite": {:package, "0.1.3"},
  "timex": {:package, "0.11.0"}}
